
Microsoft Visual Studio Solution File, Format Version 12.00
# Visual Studio Version 16
VisualStudioVersion = 16.0.30011.22
MinimumVisualStudioVersion = 10.0.40219.1
Project("{FAE04EC0-301F-11D3-BF4B-00C04F79EFBC}") = "Mabato-V4", "Mabato-V4\Mabato-V4.csproj", "{356F1B56-ECCF-4D2B-B680-1A511ED0BB00}"
EndProject
Global
	GlobalSection(SolutionConfigurationPlatforms) = preSolution
		Debug|Any CPU = Debug|Any CPU
		Release|Any CPU = Release|Any CPU
	EndGlobalSection
	GlobalSection(ProjectConfigurationPlatforms) = postSolution
		{356F1B56-ECCF-4D2B-B680-1A511ED0BB00}.Debug|Any CPU.ActiveCfg = Debug|Any CPU
		{356F1B56-ECCF-4D2B-B680-1A511ED0BB00}.Debug|Any CPU.Build.0 = Debug|Any CPU
		{356F1B56-ECCF-4D2B-B680-1A511ED0BB00}.Release|Any CPU.ActiveCfg = Release|Any CPU
		{356F1B56-ECCF-4D2B-B680-1A511ED0BB00}.Release|Any CPU.Build.0 = Release|Any CPU
	EndGlobalSection
	GlobalSection(SolutionProperties) = preSolution
		HideSolutionNode = FALSE
	EndGlobalSection
	GlobalSection(ExtensibilityGlobals) = postSolution
		SolutionGuid = {1224D9A6-587F-40CC-AC98-39B03C1F5C63}
	EndGlobalSection
EndGlobal
